
Microsoft Visual Studio Solution File, Format Version 12.00
# Visual Studio Version 17
VisualStudioVersion = 17.0.31919.166
MinimumVisualStudioVersion = 10.0.40219.1
Project("{9A19103F-16F7-4668-BE54-9A1E7A4F7556}") = "Dtat.Net.Mail", "Dtat.Net.Mail\Dtat.Net.Mail.csproj", "{D3CC3923-AA26-41FE-8010-F6591A382676}"
EndProject
Project("{FAE04EC0-301F-11D3-BF4B-00C04F79EFBC}") = "Dtat.Net.Mail.Test", "Dtat.Net.Mail.Test\Dtat.Net.Mail.Test.csproj", "{3F83255D-4CF1-464A-AD1C-A071E6F1360C}"
EndProject
Global
	GlobalSection(SolutionConfigurationPlatforms) = preSolution
		Debug|Any CPU = Debug|Any CPU
		Release|Any CPU = Release|Any CPU
	EndGlobalSection
	GlobalSection(ProjectConfigurationPlatforms) = postSolution
		{D3CC3923-AA26-41FE-8010-F6591A382676}.Debug|Any CPU.ActiveCfg = Debug|Any CPU
		{D3CC3923-AA26-41FE-8010-F6591A382676}.Debug|Any CPU.Build.0 = Debug|Any CPU
		{D3CC3923-AA26-41FE-8010-F6591A382676}.Release|Any CPU.ActiveCfg = Release|Any CPU
		{D3CC3923-AA26-41FE-8010-F6591A382676}.Release|Any CPU.Build.0 = Release|Any CPU
		{3F83255D-4CF1-464A-AD1C-A071E6F1360C}.Debug|Any CPU.ActiveCfg = Debug|Any CPU
		{3F83255D-4CF1-464A-AD1C-A071E6F1360C}.Debug|Any CPU.Build.0 = Debug|Any CPU
		{3F83255D-4CF1-464A-AD1C-A071E6F1360C}.Release|Any CPU.ActiveCfg = Release|Any CPU
		{3F83255D-4CF1-464A-AD1C-A071E6F1360C}.Release|Any CPU.Build.0 = Release|Any CPU
	EndGlobalSection
	GlobalSection(SolutionProperties) = preSolution
		HideSolutionNode = FALSE
	EndGlobalSection
	GlobalSection(ExtensibilityGlobals) = postSolution
		SolutionGuid = {F762BCFA-6A5A-4A35-AA4A-7C75E84B60D5}
	EndGlobalSection
EndGlobal
